
Microsoft Visual Studio Solution File, Format Version 12.00
# Visual Studio 15
VisualStudioVersion = 15.0.28307.271
MinimumVisualStudioVersion = 10.0.40219.1
Project("{FAE04EC0-301F-11D3-BF4B-00C04F79EFBC}") = "UI", "UI\UI.csproj", "{B78004A3-6482-49A4-B1BB-7086D381E06E}"
EndProject
Global
	GlobalSection(SolutionConfigurationPlatforms) = preSolution
		Debug|Any CPU = Debug|Any CPU
		Release|Any CPU = Release|Any CPU
	EndGlobalSection
	GlobalSection(ProjectConfigurationPlatforms) = postSolution
		{B78004A3-6482-49A4-B1BB-7086D381E06E}.Debug|Any CPU.ActiveCfg = Debug|Any CPU
		{B78004A3-6482-49A4-B1BB-7086D381E06E}.Debug|Any CPU.Build.0 = Debug|Any CPU
		{B78004A3-6482-49A4-B1BB-7086D381E06E}.Release|Any CPU.ActiveCfg = Release|Any CPU
		{B78004A3-6482-49A4-B1BB-7086D381E06E}.Release|Any CPU.Build.0 = Release|Any CPU
	EndGlobalSection
	GlobalSection(SolutionProperties) = preSolution
		HideSolutionNode = FALSE
	EndGlobalSection
	GlobalSection(ExtensibilityGlobals) = postSolution
		SolutionGuid = {37D5A33C-66D4-419D-89D2-CE3C953BFD7B}
	EndGlobalSection
EndGlobal
